<Solution>
  <Configurations>
    <Platform Name="Any CPU" />
    <Platform Name="x64" />
    <Platform Name="x86" />
  </Configurations>
  <Folder Name="/docs/">
    <File Path="docs\api-reference.md" />
    <File Path="docs\architecture.md" />
    <File Path="docs\development-guide.md" />
    <File Path="docs\roadmap.md" />
  </Folder>
  <Folder Name="/Solution Items/">
    <File Path=".editorconfig" />
    <File Path=".gitignore" />
    <File Path="Directory.Build.props" />
    <File Path="Directory.Packages.props" />
    <File Path="README.md" />
  </Folder>
  <Folder Name="/src/">
    <Project Path="src/Crypto.Utils.Api/Crypto.Utils.Api.csproj" />
    <Project Path="src/Crypto.Utils.Core/Crypto.Utils.Core.csproj" />
    <Project Path="src/Crypto.Utils.Host/Crypto.Utils.Host.csproj" />
  </Folder>
  <Folder Name="/tests/">
    <Project Path="tests/Crypto.Utils.Core.Tests/Crypto.Utils.Core.Tests.csproj" />
    <Project Path="tests/Crypto.Utils.TestSupport/Crypto.Utils.TestSupport.csproj" />
  </Folder>
</Solution>
