
Microsoft Visual Studio Solution File, Format Version 12.00
# Visual Studio Version 17
VisualStudioVersion = 17.14.36518.9
MinimumVisualStudioVersion = 10.0.40219.1
Project("{FAE04EC0-301F-11D3-BF4B-00C04F79EFBC}") = "Crypto.Utils.Api", "src\Crypto.Utils.Api\Crypto.Utils.Api.csproj", "{F2D49BC1-6C71-4B15-870C-0235A2E27557}"
EndProject
Project("{FAE04EC0-301F-11D3-BF4B-00C04F79EFBC}") = "Crypto.Utils.Core", "src\Crypto.Utils.Core\Crypto.Utils.Core.csproj", "{51871A1E-99ED-4678-A1EA-E7B10FD71FC8}"
EndProject
Project("{54A90642-561A-4BB1-A94E-469ADEE60C69}") = "Crypto.Utils.UI", "src\Crypto.Utils.UI\Crypto.Utils.UI.esproj", "{5372DFA6-0582-C7A0-7C2F-F3435134BB47}"
EndProject
Project("{2150E333-8FDC-42A3-9474-1A3956D46DE8}") = "src", "src", "{827E0CD3-B72D-47B6-A68D-7590B98EB39B}"
EndProject
Project("{FAE04EC0-301F-11D3-BF4B-00C04F79EFBC}") = "Crypto.Utils.Host", "src\Crypto.Utils.Host\Crypto.Utils.Host.csproj", "{FAA0BAC5-67DA-4BA0-A815-E6698E5777BA}"
EndProject
Global
	GlobalSection(SolutionConfigurationPlatforms) = preSolution
		Debug|Any CPU = Debug|Any CPU
		Debug|x64 = Debug|x64
		Debug|x86 = Debug|x86
		Release|Any CPU = Release|Any CPU
		Release|x64 = Release|x64
		Release|x86 = Release|x86
	EndGlobalSection
	GlobalSection(ProjectConfigurationPlatforms) = postSolution
		{F2D49BC1-6C71-4B15-870C-0235A2E27557}.Debug|Any CPU.ActiveCfg = Debug|Any CPU
		{F2D49BC1-6C71-4B15-870C-0235A2E27557}.Debug|Any CPU.Build.0 = Debug|Any CPU
		{F2D49BC1-6C71-4B15-870C-0235A2E27557}.Debug|x64.ActiveCfg = Debug|Any CPU
		{F2D49BC1-6C71-4B15-870C-0235A2E27557}.Debug|x64.Build.0 = Debug|Any CPU
		{F2D49BC1-6C71-4B15-870C-0235A2E27557}.Debug|x86.ActiveCfg = Debug|Any CPU
		{F2D49BC1-6C71-4B15-870C-0235A2E27557}.Debug|x86.Build.0 = Debug|Any CPU
		{F2D49BC1-6C71-4B15-870C-0235A2E27557}.Release|Any CPU.ActiveCfg = Release|Any CPU
		{F2D49BC1-6C71-4B15-870C-0235A2E27557}.Release|Any CPU.Build.0 = Release|Any CPU
		{F2D49BC1-6C71-4B15-870C-0235A2E27557}.Release|x64.ActiveCfg = Release|Any CPU
		{F2D49BC1-6C71-4B15-870C-0235A2E27557}.Release|x64.Build.0 = Release|Any CPU
		{F2D49BC1-6C71-4B15-870C-0235A2E27557}.Release|x86.ActiveCfg = Release|Any CPU
		{F2D49BC1-6C71-4B15-870C-0235A2E27557}.Release|x86.Build.0 = Release|Any CPU
		{51871A1E-99ED-4678-A1EA-E7B10FD71FC8}.Debug|Any CPU.ActiveCfg = Debug|Any CPU
		{51871A1E-99ED-4678-A1EA-E7B10FD71FC8}.Debug|Any CPU.Build.0 = Debug|Any CPU
		{51871A1E-99ED-4678-A1EA-E7B10FD71FC8}.Debug|x64.ActiveCfg = Debug|Any CPU
		{51871A1E-99ED-4678-A1EA-E7B10FD71FC8}.Debug|x64.Build.0 = Debug|Any CPU
		{51871A1E-99ED-4678-A1EA-E7B10FD71FC8}.Debug|x86.ActiveCfg = Debug|Any CPU
		{51871A1E-99ED-4678-A1EA-E7B10FD71FC8}.Debug|x86.Build.0 = Debug|Any CPU
		{51871A1E-99ED-4678-A1EA-E7B10FD71FC8}.Release|Any CPU.ActiveCfg = Release|Any CPU
		{51871A1E-99ED-4678-A1EA-E7B10FD71FC8}.Release|Any CPU.Build.0 = Release|Any CPU
		{51871A1E-99ED-4678-A1EA-E7B10FD71FC8}.Release|x64.ActiveCfg = Release|Any CPU
		{51871A1E-99ED-4678-A1EA-E7B10FD71FC8}.Release|x64.Build.0 = Release|Any CPU
		{51871A1E-99ED-4678-A1EA-E7B10FD71FC8}.Release|x86.ActiveCfg = Release|Any CPU
		{51871A1E-99ED-4678-A1EA-E7B10FD71FC8}.Release|x86.Build.0 = Release|Any CPU
		{FAA0BAC5-67DA-4BA0-A815-E6698E5777BA}.Debug|Any CPU.ActiveCfg = Debug|Any CPU
		{FAA0BAC5-67DA-4BA0-A815-E6698E5777BA}.Debug|Any CPU.Build.0 = Debug|Any CPU
		{FAA0BAC5-67DA-4BA0-A815-E6698E5777BA}.Debug|x64.ActiveCfg = Debug|Any CPU
		{FAA0BAC5-67DA-4BA0-A815-E6698E5777BA}.Debug|x64.Build.0 = Debug|Any CPU
		{FAA0BAC5-67DA-4BA0-A815-E6698E5777BA}.Debug|x86.ActiveCfg = Debug|Any CPU
		{FAA0BAC5-67DA-4BA0-A815-E6698E5777BA}.Debug|x86.Build.0 = Debug|Any CPU
		{FAA0BAC5-67DA-4BA0-A815-E6698E5777BA}.Release|Any CPU.ActiveCfg = Release|Any CPU
		{FAA0BAC5-67DA-4BA0-A815-E6698E5777BA}.Release|Any CPU.Build.0 = Release|Any CPU
		{FAA0BAC5-67DA-4BA0-A815-E6698E5777BA}.Release|x64.ActiveCfg = Release|Any CPU
		{FAA0BAC5-67DA-4BA0-A815-E6698E5777BA}.Release|x64.Build.0 = Release|Any CPU
		{FAA0BAC5-67DA-4BA0-A815-E6698E5777BA}.Release|x86.ActiveCfg = Release|Any CPU
		{FAA0BAC5-67DA-4BA0-A815-E6698E5777BA}.Release|x86.Build.0 = Release|Any CPU
	EndGlobalSection
	GlobalSection(SolutionProperties) = preSolution
		HideSolutionNode = FALSE
	EndGlobalSection
	GlobalSection(NestedProjects) = preSolution
		{FAA0BAC5-67DA-4BA0-A815-E6698E5777BA} = {827E0CD3-B72D-47B6-A68D-7590B98EB39B}
		{F2D49BC1-6C71-4B15-870C-0235A2E27557} = {827E0CD3-B72D-47B6-A68D-7590B98EB39B}
		{51871A1E-99ED-4678-A1EA-E7B10FD71FC8} = {827E0CD3-B72D-47B6-A68D-7590B98EB39B}
		{5372DFA6-0582-C7A0-7C2F-F3435134BB47} = {827E0CD3-B72D-47B6-A68D-7590B98EB39B}
	EndGlobalSection
	GlobalSection(ExtensibilityGlobals) = postSolution
		SolutionGuid = {67FF4D88-DA48-4645-828F-1A3AC99E28F2}
	EndGlobalSection
EndGlobal
